// !$*UTF8*$!
{
	archiveVersion = 1;
	classes = {
	};
	objectVersion = 56;
	objects = {

/* Begin PBXBuildFile section */
		582A709A2ABAB6D6003FF02B /* SearchAppApp.swift in Sources */ = {isa = PBXBuildFile; fileRef = 582A70992ABAB6D6003FF02B /* SearchAppApp.swift */; };
		582A709C2ABAB6D6003FF02B /* ContentView.swift in Sources */ = {isa = PBXBuildFile; fileRef = 582A709B2ABAB6D6003FF02B /* ContentView.swift */; };
		582A709E2ABAB6D6003FF02B /* Assets.xcassets in Resources */ = {isa = PBXBuildFile; fileRef = 582A709D2ABAB6D6003FF02B /* Assets.xcassets */; };
		582A70A12ABAB6D6003FF02B /* Preview Assets.xcassets in Resources */ = {isa = PBXBuildFile; fileRef = 582A70A02ABAB6D6003FF02B /* Preview Assets.xcassets */; };
		582A70A82ABABDB1003FF02B /* ContentViewViewModel.swift in Sources */ = {isa = PBXBuildFile; fileRef = 582A70A72ABABDB1003FF02B /* ContentViewViewModel.swift */; };
		58369DD32ACEE089005D4CF2 /* PhotoDetailView.swift in Sources */ = {isa = PBXBuildFile; fileRef = 58369DD22ACEE089005D4CF2 /* PhotoDetailView.swift */; };
		583B9A3B2AC7F94C00FB2536 /* MapView.swift in Sources */ = {isa = PBXBuildFile; fileRef = 583B9A3A2AC7F94C00FB2536 /* MapView.swift */; };
		58419C4E2ABAEA5800CDD6CE /* ResultView.swift in Sources */ = {isa = PBXBuildFile; fileRef = 58419C4D2ABAEA5800CDD6CE /* ResultView.swift */; };
		585B8B0C2ACC5AE4009E1A34 /* MapDetailView.swift in Sources */ = {isa = PBXBuildFile; fileRef = 585B8B0B2ACC5AE4009E1A34 /* MapDetailView.swift */; };
		58E098C52ACD053B0078E1C1 /* WriteReviewView.swift in Sources */ = {isa = PBXBuildFile; fileRef = 58E098C42ACD053B0078E1C1 /* WriteReviewView.swift */; };
		58F3FC6E2AC147FE00EBFC9B /* ReviewView.swift in Sources */ = {isa = PBXBuildFile; fileRef = 58F3FC6D2AC147FE00EBFC9B /* ReviewView.swift */; };
		58F8512B2ACFFED6002CB4D5 /* GreenView.swift in Sources */ = {isa = PBXBuildFile; fileRef = 58F8512A2ACFFED6002CB4D5 /* GreenView.swift */; };
/* End PBXBuildFile section */

/* Begin PBXFileReference section */
		582A70962ABAB6D6003FF02B /* SearchApp.app */ = {isa = PBXFileReference; explicitFileType = wrapper.application; includeInIndex = 0; path = SearchApp.app; sourceTree = BUILT_PRODUCTS_DIR; };
		582A70992ABAB6D6003FF02B /* SearchAppApp.swift */ = {isa = PBXFileReference; lastKnownFileType = sourcecode.swift; path = SearchAppApp.swift; sourceTree = "<group>"; };
		582A709B2ABAB6D6003FF02B /* ContentView.swift */ = {isa = PBXFileReference; lastKnownFileType = sourcecode.swift; path = ContentView.swift; sourceTree = "<group>"; };
		582A709D2ABAB6D6003FF02B /* Assets.xcassets */ = {isa = PBXFileReference; lastKnownFileType = folder.assetcatalog; path = Assets.xcassets; sourceTree = "<group>"; };
		582A70A02ABAB6D6003FF02B /* Preview Assets.xcassets */ = {isa = PBXFileReference; lastKnownFileType = folder.assetcatalog; path = "Preview Assets.xcassets"; sourceTree = "<group>"; };
		582A70A72ABABDB1003FF02B /* ContentViewViewModel.swift */ = {isa = PBXFileReference; lastKnownFileType = sourcecode.swift; path = ContentViewViewModel.swift; sourceTree = "<group>"; };
		58369DD22ACEE089005D4CF2 /* PhotoDetailView.swift */ = {isa = PBXFileReference; lastKnownFileType = sourcecode.swift; path = PhotoDetailView.swift; sourceTree = "<group>"; };
		583B9A3A2AC7F94C00FB2536 /* MapView.swift */ = {isa = PBXFileReference; lastKnownFileType = sourcecode.swift; path = MapView.swift; sourceTree = "<group>"; };
		58419C4D2ABAEA5800CDD6CE /* ResultView.swift */ = {isa = PBXFileReference; lastKnownFileType = sourcecode.swift; path = ResultView.swift; sourceTree = "<group>"; };
		585B8B0B2ACC5AE4009E1A34 /* MapDetailView.swift */ = {isa = PBXFileReference; lastKnownFileType = sourcecode.swift; path = MapDetailView.swift; sourceTree = "<group>"; };
		58E098C42ACD053B0078E1C1 /* WriteReviewView.swift */ = {isa = PBXFileReference; lastKnownFileType = sourcecode.swift; path = WriteReviewView.swift; sourceTree = "<group>"; };
		58F3FC6D2AC147FE00EBFC9B /* ReviewView.swift */ = {isa = PBXFileReference; lastKnownFileType = sourcecode.swift; path = ReviewView.swift; sourceTree = "<group>"; };
		58F8512A2ACFFED6002CB4D5 /* GreenView.swift */ = {isa = PBXFileReference; lastKnownFileType = sourcecode.swift; path = GreenView.swift; sourceTree = "<group>"; };
/* End PBXFileReference section */

/* Begin PBXFrameworksBuildPhase section */
		582A70932ABAB6D6003FF02B /* Frameworks */ = {
			isa = PBXFrameworksBuildPhase;
			buildActionMask = 2147483647;
			files = (
			);
			runOnlyForDeploymentPostprocessing = 0;
		};
/* End PBXFrameworksBuildPhase section */

/* Begin PBXGroup section */
		582A708D2ABAB6D6003FF02B = {
			isa = PBXGroup;
			children = (
				582A70982ABAB6D6003FF02B /* SearchApp */,
				582A70972ABAB6D6003FF02B /* Products */,
			);
			sourceTree = "<group>";
		};
		582A70972ABAB6D6003FF02B /* Products */ = {
			isa = PBXGroup;
			children = (
				582A70962ABAB6D6003FF02B /* SearchApp.app */,
			);
			name = Products;
			sourceTree = "<group>";
		};
		582A70982ABAB6D6003FF02B /* SearchApp */ = {
			isa = PBXGroup;
			children = (
				582A70992ABAB6D6003FF02B /* SearchAppApp.swift */,
				582A709B2ABAB6D6003FF02B /* ContentView.swift */,
				58419C4D2ABAEA5800CDD6CE /* ResultView.swift */,
				58F3FC6D2AC147FE00EBFC9B /* ReviewView.swift */,
				58369DD22ACEE089005D4CF2 /* PhotoDetailView.swift */,
				58E098C42ACD053B0078E1C1 /* WriteReviewView.swift */,
				583B9A3A2AC7F94C00FB2536 /* MapView.swift */,
				585B8B0B2ACC5AE4009E1A34 /* MapDetailView.swift */,
				58F8512A2ACFFED6002CB4D5 /* GreenView.swift */,
				582A70A72ABABDB1003FF02B /* ContentViewViewModel.swift */,
				582A709D2ABAB6D6003FF02B /* Assets.xcassets */,
				582A709F2ABAB6D6003FF02B /* Preview Content */,
			);
			path = SearchApp;
			sourceTree = "<group>";
		};
		582A709F2ABAB6D6003FF02B /* Preview Content */ = {
			isa = PBXGroup;
			children = (
				582A70A02ABAB6D6003FF02B /* Preview Assets.xcassets */,
			);
			path = "Preview Content";
			sourceTree = "<group>";
		};
/* End PBXGroup section */

/* Begin PBXNativeTarget section */
		582A70952ABAB6D6003FF02B /* SearchApp */ = {
			isa = PBXNativeTarget;
			buildConfigurationList = 582A70A42ABAB6D6003FF02B /* Build configuration list for PBXNativeTarget "SearchApp" */;
			buildPhases = (
				582A70922ABAB6D6003FF02B /* Sources */,
				582A70932ABAB6D6003FF02B /* Frameworks */,
				582A70942ABAB6D6003FF02B /* Resources */,
			);
			buildRules = (
			);
			dependencies = (
			);
			name = SearchApp;
			productName = SearchApp;
			productReference = 582A70962ABAB6D6003FF02B /* SearchApp.app */;
			productType = "com.apple.product-type.application";
		};
/* End PBXNativeTarget section */

/* Begin PBXProject section */
		582A708E2ABAB6D6003FF02B /* Project object */ = {
			isa = PBXProject;
			attributes = {
				BuildIndependentTargetsInParallel = 1;
				LastSwiftUpdateCheck = 1430;
				LastUpgradeCheck = 1430;
				TargetAttributes = {
					582A70952ABAB6D6003FF02B = {
						CreatedOnToolsVersion = 14.3.1;
					};
				};
			};
			buildConfigurationList = 582A70912ABAB6D6003FF02B /* Build configuration list for PBXProject "SearchApp" */;
			compatibilityVersion = "Xcode 14.0";
			developmentRegion = en;
			hasScannedForEncodings = 0;
			knownRegions = (
				en,
				Base,
			);
			mainGroup = 582A708D2ABAB6D6003FF02B;
			productRefGroup = 582A70972ABAB6D6003FF02B /* Products */;
			projectDirPath = "";
			projectRoot = "";
			targets = (
				582A70952ABAB6D6003FF02B /* SearchApp */,
			);
		};
/* End PBXProject section */

/* Begin PBXResourcesBuildPhase section */
		582A70942ABAB6D6003FF02B /* Resources */ = {
			isa = PBXResourcesBuildPhase;
			buildActionMask = 2147483647;
			files = (
				582A70A12ABAB6D6003FF02B /* Preview Assets.xcassets in Resources */,
				582A709E2ABAB6D6003FF02B /* Assets.xcassets in Resources */,
			);
			runOnlyForDeploymentPostprocessing = 0;
		};
/* End PBXResourcesBuildPhase section */

/* Begin PBXSourcesBuildPhase section */
		582A70922ABAB6D6003FF02B /* Sources */ = {
			isa = PBXSourcesBuildPhase;
			buildActionMask = 2147483647;
			files = (
				58E098C52ACD053B0078E1C1 /* WriteReviewView.swift in Sources */,
				58F3FC6E2AC147FE00EBFC9B /* ReviewView.swift in Sources */,
				583B9A3B2AC7F94C00FB2536 /* MapView.swift in Sources */,
				582A709C2ABAB6D6003FF02B /* ContentView.swift in Sources */,
				58419C4E2ABAEA5800CDD6CE /* ResultView.swift in Sources */,
				582A709A2ABAB6D6003FF02B /* SearchAppApp.swift in Sources */,
				58F8512B2ACFFED6002CB4D5 /* GreenView.swift in Sources */,
				585B8B0C2ACC5AE4009E1A34 /* MapDetailView.swift in Sources */,
				582A70A82ABABDB1003FF02B /* ContentViewViewModel.swift in Sources */,
				58369DD32ACEE089005D4CF2 /* PhotoDetailView.swift in Sources */,
			);
			runOnlyForDeploymentPostprocessing = 0;
		};
/* End PBXSourcesBuildPhase section */

/* Begin XCBuildConfiguration section */
		582A70A22ABAB6D6003FF02B /* Debug */ = {
			isa = XCBuildConfiguration;
			buildSettings = {
				ALWAYS_SEARCH_USER_PATHS = NO;
				CLANG_ANALYZER_NONNULL = YES;
				CLANG_ANALYZER_NUMBER_OBJECT_CONVERSION = YES_AGGRESSIVE;
				CLANG_CXX_LANGUAGE_STANDARD = "gnu++20";
				CLANG_ENABLE_MODULES = YES;
				CLANG_ENABLE_OBJC_ARC = YES;
				CLANG_ENABLE_OBJC_WEAK = YES;
				CLANG_WARN_BLOCK_CAPTURE_AUTORELEASING = YES;
				CLANG_WARN_BOOL_CONVERSION = YES;
				CLANG_WARN_COMMA = YES;
				CLANG_WARN_CONSTANT_CONVERSION = YES;
				CLANG_WARN_DEPRECATED_OBJC_IMPLEMENTATIONS = YES;
				CLANG_WARN_DIRECT_OBJC_ISA_USAGE = YES_ERROR;
				CLANG_WARN_DOCUMENTATION_COMMENTS = YES;
				CLANG_WARN_EMPTY_BODY = YES;
				CLANG_WARN_ENUM_CONVERSION = YES;
				CLANG_WARN_INFINITE_RECURSION = YES;
				CLANG_WARN_INT_CONVERSION = YES;
				CLANG_WARN_NON_LITERAL_NULL_CONVERSION = YES;
				CLANG_WARN_OBJC_IMPLICIT_RETAIN_SELF = YES;
				CLANG_WARN_OBJC_LITERAL_CONVERSION = YES;
				CLANG_WARN_OBJC_ROOT_CLASS = YES_ERROR;
				CLANG_WARN_QUOTED_INCLUDE_IN_FRAMEWORK_HEADER = YES;
				CLANG_WARN_RANGE_LOOP_ANALYSIS = YES;
				CLANG_WARN_STRICT_PROTOTYPES = YES;
				CLANG_WARN_SUSPICIOUS_MOVE = YES;
				CLANG_WARN_UNGUARDED_AVAILABILITY = YES_AGGRESSIVE;
				CLANG_WARN_UNREACHABLE_CODE = YES;
				CLANG_WARN__DUPLICATE_METHOD_MATCH = YES;
				COPY_PHASE_STRIP = NO;
				DEBUG_INFORMATION_FORMAT = dwarf;
				ENABLE_STRICT_OBJC_MSGSEND = YES;
				ENABLE_TESTABILITY = YES;
				GCC_C_LANGUAGE_STANDARD = gnu11;
				GCC_DYNAMIC_NO_PIC = NO;
				GCC_NO_COMMON_BLOCKS = YES;
				GCC_OPTIMIZATION_LEVEL = 0;
				GCC_PREPROCESSOR_DEFINITIONS = (
					"DEBUG=1",
					"$(inherited)",
				);
				GCC_WARN_64_TO_32_BIT_CONVERSION = YES;
				GCC_WARN_ABOUT_RETURN_TYPE = YES_ERROR;
				GCC_WARN_UNDECLARED_SELECTOR = YES;
				GCC_WARN_UNINITIALIZED_AUTOS = YES_AGGRESSIVE;
				GCC_WARN_UNUSED_FUNCTION = YES;
				GCC_WARN_UNUSED_VARIABLE = YES;
				IPHONEOS_DEPLOYMENT_TARGET = 16.0;
				MTL_ENABLE_DEBUG_INFO = INCLUDE_SOURCE;
				MTL_FAST_MATH = YES;
				ONLY_ACTIVE_ARCH = YES;
				SDKROOT = iphoneos;
				SWIFT_ACTIVE_COMPILATION_CONDITIONS = DEBUG;
				SWIFT_OPTIMIZATION_LEVEL = "-Onone";
			};
			name = Debug;
		};
		582A70A32ABAB6D6003FF02B /* Release */ = {
			isa = XCBuildConfiguration;
			buildSettings = {
				ALWAYS_SEARCH_USER_PATHS = NO;
				CLANG_ANALYZER_NONNULL = YES;
				CLANG_ANALYZER_NUMBER_OBJECT_CONVERSION = YES_AGGRESSIVE;
				CLANG_CXX_LANGUAGE_STANDARD = "gnu++20";
				CLANG_ENABLE_MODULES = YES;
				CLANG_ENABLE_OBJC_ARC = YES;
				CLANG_ENABLE_OBJC_WEAK = YES;
				CLANG_WARN_BLOCK_CAPTURE_AUTORELEASING = YES;
				CLANG_WARN_BOOL_CONVERSION = YES;
				CLANG_WARN_COMMA = YES;
				CLANG_WARN_CONSTANT_CONVERSION = YES;
				CLANG_WARN_DEPRECATED_OBJC_IMPLEMENTATIONS = YES;
				CLANG_WARN_DIRECT_OBJC_ISA_USAGE = YES_ERROR;
				CLANG_WARN_DOCUMENTATION_COMMENTS = YES;
				CLANG_WARN_EMPTY_BODY = YES;
				CLANG_WARN_ENUM_CONVERSION = YES;
				CLANG_WARN_INFINITE_RECURSION = YES;
				CLANG_WARN_INT_CONVERSION = YES;
				CLANG_WARN_NON_LITERAL_NULL_CONVERSION = YES;
				CLANG_WARN_OBJC_IMPLICIT_RETAIN_SELF = YES;
				CLANG_WARN_OBJC_LITERAL_CONVERSION = YES;
				CLANG_WARN_OBJC_ROOT_CLASS = YES_ERROR;
				CLANG_WARN_QUOTED_INCLUDE_IN_FRAMEWORK_HEADER = YES;
				CLANG_WARN_RANGE_LOOP_ANALYSIS = YES;
				CLANG_WARN_STRICT_PROTOTYPES = YES;
				CLANG_WARN_SUSPICIOUS_MOVE = YES;
				CLANG_WARN_UNGUARDED_AVAILABILITY = YES_AGGRESSIVE;
				CLANG_WARN_UNREACHABLE_CODE = YES;
				CLANG_WARN__DUPLICATE_METHOD_MATCH = YES;
				COPY_PHASE_STRIP = NO;
				DEBUG_INFORMATION_FORMAT = "dwarf-with-dsym";
				ENABLE_NS_ASSERTIONS = NO;
				ENABLE_STRICT_OBJC_MSGSEND = YES;
				GCC_C_LANGUAGE_STANDARD = gnu11;
				GCC_NO_COMMON_BLOCKS = YES;
				GCC_WARN_64_TO_32_BIT_CONVERSION = YES;
				GCC_WARN_ABOUT_RETURN_TYPE = YES_ERROR;
				GCC_WARN_UNDECLARED_SELECTOR = YES;
				GCC_WARN_UNINITIALIZED_AUTOS = YES_AGGRESSIVE;
				GCC_WARN_UNUSED_FUNCTION = YES;
				GCC_WARN_UNUSED_VARIABLE = YES;
				IPHONEOS_DEPLOYMENT_TARGET = 16.0;
				MTL_ENABLE_DEBUG_INFO = NO;
				MTL_FAST_MATH = YES;
				SDKROOT = iphoneos;
				SWIFT_COMPILATION_MODE = wholemodule;
				SWIFT_OPTIMIZATION_LEVEL = "-O";
				VALIDATE_PRODUCT = YES;
			};
			name = Release;
		};
		582A70A52ABAB6D6003FF02B /* Debug */ = {
			isa = XCBuildConfiguration;
			buildSettings = {
				ASSETCATALOG_COMPILER_APPICON_NAME = AppIcon;
				ASSETCATALOG_COMPILER_GLOBAL_ACCENT_COLOR_NAME = AccentColor;
				CODE_SIGN_STYLE = Automatic;
				CURRENT_PROJECT_VERSION = 1;
				DEVELOPMENT_ASSET_PATHS = "\"SearchApp/Preview Content\"";
				DEVELOPMENT_TEAM = B84Q5QFST2;
				ENABLE_PREVIEWS = YES;
				GENERATE_INFOPLIST_FILE = YES;
				INFOPLIST_KEY_CFBundleDisplayName = "이름에게";
				INFOPLIST_KEY_UIApplicationSceneManifest_Generation = YES;
				INFOPLIST_KEY_UIApplicationSupportsIndirectInputEvents = YES;
				INFOPLIST_KEY_UILaunchScreen_Generation = YES;
				INFOPLIST_KEY_UISupportedInterfaceOrientations_iPad = "UIInterfaceOrientationPortrait UIInterfaceOrientationPortraitUpsideDown UIInterfaceOrientationLandscapeLeft UIInterfaceOrientationLandscapeRight";
				INFOPLIST_KEY_UISupportedInterfaceOrientations_iPhone = "UIInterfaceOrientationPortrait UIInterfaceOrientationLandscapeLeft UIInterfaceOrientationLandscapeRight";
				IPHONEOS_DEPLOYMENT_TARGET = 16.0;
				LD_RUNPATH_SEARCH_PATHS = (
					"$(inherited)",
					"@executable_path/Frameworks",
				);
				MARKETING_VERSION = 1.0;
				PRODUCT_BUNDLE_IDENTIFIER = com.www.minjong.SearchApp;
				PRODUCT_NAME = "$(TARGET_NAME)";
				SWIFT_EMIT_LOC_STRINGS = YES;
				SWIFT_VERSION = 5.0;
				TARGETED_DEVICE_FAMILY = "1,2";
			};
			name = Debug;
		};
		582A70A62ABAB6D6003FF02B /* Release */ = {
			isa = XCBuildConfiguration;
			buildSettings = {
				ASSETCATALOG_COMPILER_APPICON_NAME = AppIcon;
				ASSETCATALOG_COMPILER_GLOBAL_ACCENT_COLOR_NAME = AccentColor;
				CODE_SIGN_STYLE = Automatic;
				CURRENT_PROJECT_VERSION = 1;
				DEVELOPMENT_ASSET_PATHS = "\"SearchApp/Preview Content\"";
				DEVELOPMENT_TEAM = B84Q5QFST2;
				ENABLE_PREVIEWS = YES;
				GENERATE_INFOPLIST_FILE = YES;
				INFOPLIST_KEY_CFBundleDisplayName = "이름에게";
				INFOPLIST_KEY_UIApplicationSceneManifest_Generation = YES;
				INFOPLIST_KEY_UIApplicationSupportsIndirectInputEvents = YES;
				INFOPLIST_KEY_UILaunchScreen_Generation = YES;
				INFOPLIST_KEY_UISupportedInterfaceOrientations_iPad = "UIInterfaceOrientationPortrait UIInterfaceOrientationPortraitUpsideDown UIInterfaceOrientationLandscapeLeft UIInterfaceOrientationLandscapeRight";
				INFOPLIST_KEY_UISupportedInterfaceOrientations_iPhone = "UIInterfaceOrientationPortrait UIInterfaceOrientationLandscapeLeft UIInterfaceOrientationLandscapeRight";
				IPHONEOS_DEPLOYMENT_TARGET = 16.0;
				LD_RUNPATH_SEARCH_PATHS = (
					"$(inherited)",
					"@executable_path/Frameworks",
				);
				MARKETING_VERSION = 1.0;
				PRODUCT_BUNDLE_IDENTIFIER = com.www.minjong.SearchApp;
				PRODUCT_NAME = "$(TARGET_NAME)";
				SWIFT_EMIT_LOC_STRINGS = YES;
				SWIFT_VERSION = 5.0;
				TARGETED_DEVICE_FAMILY = "1,2";
			};
			name = Release;
		};
/* End XCBuildConfiguration section */

/* Begin XCConfigurationList section */
		582A70912ABAB6D6003FF02B /* Build configuration list for PBXProject "SearchApp" */ = {
			isa = XCConfigurationList;
			buildConfigurations = (
				582A70A22ABAB6D6003FF02B /* Debug */,
				582A70A32ABAB6D6003FF02B /* Release */,
			);
			defaultConfigurationIsVisible = 0;
			defaultConfigurationName = Release;
		};
		582A70A42ABAB6D6003FF02B /* Build configuration list for PBXNativeTarget "SearchApp" */ = {
			isa = XCConfigurationList;
			buildConfigurations = (
				582A70A52ABAB6D6003FF02B /* Debug */,
				582A70A62ABAB6D6003FF02B /* Release */,
			);
			defaultConfigurationIsVisible = 0;
			defaultConfigurationName = Release;
		};
/* End XCConfigurationList section */
	};
	rootObject = 582A708E2ABAB6D6003FF02B /* Project object */;
}
